
Microsoft Visual Studio Solution File, Format Version 12.00
# Visual Studio Version 16
VisualStudioVersion = 16.0.30717.126
MinimumVisualStudioVersion = 10.0.40219.1
Project("{FAE04EC0-301F-11D3-BF4B-00C04F79EFBC}") = "CC01.BO", "CC01.BO\CC01.BO.csproj", "{A90E5ADE-B347-4B55-AAEC-B6987ECF9D95}"
EndProject
Project("{FAE04EC0-301F-11D3-BF4B-00C04F79EFBC}") = "CC01.BLL", "CC01.BLL\CC01.BLL.csproj", "{67A88EAD-7307-4915-8D00-4AB6312A878B}"
EndProject
Project("{FAE04EC0-301F-11D3-BF4B-00C04F79EFBC}") = "CC01.DAL", "CC01.DAL\CC01.DAL.csproj", "{370EBECD-73CA-42EC-9323-E22D30ED1C3C}"
EndProject
Project("{FAE04EC0-301F-11D3-BF4B-00C04F79EFBC}") = "CC01.WinForms", "CC01.WinForms\CC01.WinForms.csproj", "{25910BB9-4F58-48F1-8BDB-F9778888E73F}"
EndProject
Global
	GlobalSection(SolutionConfigurationPlatforms) = preSolution
		Debug|Any CPU = Debug|Any CPU
		Release|Any CPU = Release|Any CPU
	EndGlobalSection
	GlobalSection(ProjectConfigurationPlatforms) = postSolution
		{A90E5ADE-B347-4B55-AAEC-B6987ECF9D95}.Debug|Any CPU.ActiveCfg = Debug|Any CPU
		{A90E5ADE-B347-4B55-AAEC-B6987ECF9D95}.Debug|Any CPU.Build.0 = Debug|Any CPU
		{A90E5ADE-B347-4B55-AAEC-B6987ECF9D95}.Release|Any CPU.ActiveCfg = Release|Any CPU
		{A90E5ADE-B347-4B55-AAEC-B6987ECF9D95}.Release|Any CPU.Build.0 = Release|Any CPU
		{67A88EAD-7307-4915-8D00-4AB6312A878B}.Debug|Any CPU.ActiveCfg = Debug|Any CPU
		{67A88EAD-7307-4915-8D00-4AB6312A878B}.Debug|Any CPU.Build.0 = Debug|Any CPU
		{67A88EAD-7307-4915-8D00-4AB6312A878B}.Release|Any CPU.ActiveCfg = Release|Any CPU
		{67A88EAD-7307-4915-8D00-4AB6312A878B}.Release|Any CPU.Build.0 = Release|Any CPU
		{370EBECD-73CA-42EC-9323-E22D30ED1C3C}.Debug|Any CPU.ActiveCfg = Debug|Any CPU
		{370EBECD-73CA-42EC-9323-E22D30ED1C3C}.Debug|Any CPU.Build.0 = Debug|Any CPU
		{370EBECD-73CA-42EC-9323-E22D30ED1C3C}.Release|Any CPU.ActiveCfg = Release|Any CPU
		{370EBECD-73CA-42EC-9323-E22D30ED1C3C}.Release|Any CPU.Build.0 = Release|Any CPU
		{25910BB9-4F58-48F1-8BDB-F9778888E73F}.Debug|Any CPU.ActiveCfg = Debug|Any CPU
		{25910BB9-4F58-48F1-8BDB-F9778888E73F}.Debug|Any CPU.Build.0 = Debug|Any CPU
		{25910BB9-4F58-48F1-8BDB-F9778888E73F}.Release|Any CPU.ActiveCfg = Release|Any CPU
		{25910BB9-4F58-48F1-8BDB-F9778888E73F}.Release|Any CPU.Build.0 = Release|Any CPU
	EndGlobalSection
	GlobalSection(SolutionProperties) = preSolution
		HideSolutionNode = FALSE
	EndGlobalSection
	GlobalSection(ExtensibilityGlobals) = postSolution
		SolutionGuid = {590CE724-5E9D-431C-8AAC-8B412FA3619C}
	EndGlobalSection
EndGlobal
